
Microsoft Visual Studio Solution File, Format Version 12.00
# Visual Studio Version 16
VisualStudioVersion = 16.0.31613.86
MinimumVisualStudioVersion = 10.0.40219.1
Project("{FAE04EC0-301F-11D3-BF4B-00C04F79EFBC}") = "Assignments", "Assignments\Assignments.csproj", "{55DCC9B2-58D4-45AB-A3AD-1E3EFF0853EA}"
EndProject
Global
	GlobalSection(SolutionConfigurationPlatforms) = preSolution
		Debug|Any CPU = Debug|Any CPU
		Release|Any CPU = Release|Any CPU
	EndGlobalSection
	GlobalSection(ProjectConfigurationPlatforms) = postSolution
		{55DCC9B2-58D4-45AB-A3AD-1E3EFF0853EA}.Debug|Any CPU.ActiveCfg = Debug|Any CPU
		{55DCC9B2-58D4-45AB-A3AD-1E3EFF0853EA}.Debug|Any CPU.Build.0 = Debug|Any CPU
		{55DCC9B2-58D4-45AB-A3AD-1E3EFF0853EA}.Release|Any CPU.ActiveCfg = Release|Any CPU
		{55DCC9B2-58D4-45AB-A3AD-1E3EFF0853EA}.Release|Any CPU.Build.0 = Release|Any CPU
	EndGlobalSection
	GlobalSection(SolutionProperties) = preSolution
		HideSolutionNode = FALSE
	EndGlobalSection
	GlobalSection(ExtensibilityGlobals) = postSolution
		SolutionGuid = {D833BC5C-95F5-4046-B36D-FE8AAB7F0D21}
	EndGlobalSection
EndGlobal
